
Microsoft Visual Studio Solution File, Format Version 12.00
# Visual Studio Version 17
VisualStudioVersion = 17.0.31903.59
MinimumVisualStudioVersion = 10.0.40219.1
Project("{FAE04EC0-301F-11D3-BF4B-00C04F79EFBC}") = "alfar-challenge", "alfar-challenge\alfar-challenge.csproj", "{3EA0FD66-4529-4B7D-BE98-F782B2BC14B0}"
EndProject
Global
	GlobalSection(SolutionConfigurationPlatforms) = preSolution
		Debug|Any CPU = Debug|Any CPU
		Release|Any CPU = Release|Any CPU
	EndGlobalSection
	GlobalSection(SolutionProperties) = preSolution
		HideSolutionNode = FALSE
	EndGlobalSection
	GlobalSection(ProjectConfigurationPlatforms) = postSolution
		{3EA0FD66-4529-4B7D-BE98-F782B2BC14B0}.Debug|Any CPU.ActiveCfg = Debug|Any CPU
		{3EA0FD66-4529-4B7D-BE98-F782B2BC14B0}.Debug|Any CPU.Build.0 = Debug|Any CPU
		{3EA0FD66-4529-4B7D-BE98-F782B2BC14B0}.Release|Any CPU.ActiveCfg = Release|Any CPU
		{3EA0FD66-4529-4B7D-BE98-F782B2BC14B0}.Release|Any CPU.Build.0 = Release|Any CPU
	EndGlobalSection
EndGlobal
